
Microsoft Visual Studio Solution File, Format Version 12.00
# Visual Studio Version 16
VisualStudioVersion = 16.0.31105.61
MinimumVisualStudioVersion = 10.0.40219.1
Project("{FAE04EC0-301F-11D3-BF4B-00C04F79EFBC}") = "qrogrammer", "qrogrammer.csproj", "{27B75B3B-6C00-4270-9C91-478679D42D24}"
EndProject
Global
	GlobalSection(SolutionConfigurationPlatforms) = preSolution
		Debug|Any CPU = Debug|Any CPU
		Release|Any CPU = Release|Any CPU
	EndGlobalSection
	GlobalSection(ProjectConfigurationPlatforms) = postSolution
		{27B75B3B-6C00-4270-9C91-478679D42D24}.Debug|Any CPU.ActiveCfg = Debug|Any CPU
		{27B75B3B-6C00-4270-9C91-478679D42D24}.Debug|Any CPU.Build.0 = Debug|Any CPU
		{27B75B3B-6C00-4270-9C91-478679D42D24}.Release|Any CPU.ActiveCfg = Release|Any CPU
		{27B75B3B-6C00-4270-9C91-478679D42D24}.Release|Any CPU.Build.0 = Release|Any CPU
	EndGlobalSection
	GlobalSection(SolutionProperties) = preSolution
		HideSolutionNode = FALSE
	EndGlobalSection
	GlobalSection(ExtensibilityGlobals) = postSolution
		SolutionGuid = {4F6EA0F3-F9ED-4F0A-BD5C-8765E4D9AAE6}
	EndGlobalSection
EndGlobal
